
Microsoft Visual Studio Solution File, Format Version 12.00
# Visual Studio Version 16
VisualStudioVersion = 16.0.30413.136
MinimumVisualStudioVersion = 10.0.40219.1
Project("{FAE04EC0-301F-11D3-BF4B-00C04F79EFBC}") = "IntroToWPF", "IntroToWPF\IntroToWPF.csproj", "{2573F89D-A8ED-422A-B551-F30761E3A80F}"
EndProject
Global
	GlobalSection(SolutionConfigurationPlatforms) = preSolution
		Debug|Any CPU = Debug|Any CPU
		Release|Any CPU = Release|Any CPU
	EndGlobalSection
	GlobalSection(ProjectConfigurationPlatforms) = postSolution
		{2573F89D-A8ED-422A-B551-F30761E3A80F}.Debug|Any CPU.ActiveCfg = Debug|Any CPU
		{2573F89D-A8ED-422A-B551-F30761E3A80F}.Debug|Any CPU.Build.0 = Debug|Any CPU
		{2573F89D-A8ED-422A-B551-F30761E3A80F}.Release|Any CPU.ActiveCfg = Release|Any CPU
		{2573F89D-A8ED-422A-B551-F30761E3A80F}.Release|Any CPU.Build.0 = Release|Any CPU
	EndGlobalSection
	GlobalSection(SolutionProperties) = preSolution
		HideSolutionNode = FALSE
	EndGlobalSection
	GlobalSection(ExtensibilityGlobals) = postSolution
		SolutionGuid = {B3953D0D-A741-487A-A733-05A1BEFE15CC}
	EndGlobalSection
EndGlobal
